Microsoft Visual Studio Solution File, Format Version 11.00
# Visual Studio 2010
Project("{8BC9CEB8-8B4A-11D0-8D11-00A0C91BC942}") = "ALL_BUILD", "ALL_BUILD.vcxproj", "{A7268D78-F7F5-4305-8471-7AA6F566AB59}"
	ProjectSection(ProjectDependencies) = postProject
		{2611112E-B72F-4AE2-9101-F6251704AFE2} = {2611112E-B72F-4AE2-9101-F6251704AFE2}
		{111AA34A-05B4-4122-A083-FCC3DD184ED2} = {111AA34A-05B4-4122-A083-FCC3DD184ED2}
		{49BC4763-2466-449A-9CCD-366F60FC62DB} = {49BC4763-2466-449A-9CCD-366F60FC62DB}
		{DAB31E73-1F08-43FC-B7A7-DF3569E6D6A5} = {DAB31E73-1F08-43FC-B7A7-DF3569E6D6A5}
		{B27C11D2-E086-49B3-A8BF-18136FAAE418} = {B27C11D2-E086-49B3-A8BF-18136FAAE418}
		{0A50B075-FF02-444C-8CD8-94BD0E3CE732} = {0A50B075-FF02-444C-8CD8-94BD0E3CE732}
		{53E4B213-2B13-418A-B601-BE1FFAD16B47} = {53E4B213-2B13-418A-B601-BE1FFAD16B47}
	EndProjectSection
EndProject
Project("{8BC9CEB8-8B4A-11D0-8D11-00A0C91BC942}") = "INSTALL", "INSTALL.vcxproj", "{EC0C3941-4A78-4EDD-9C3F-7A90FF0F0479}"
	ProjectSection(ProjectDependencies) = postProject
		{A7268D78-F7F5-4305-8471-7AA6F566AB59} = {A7268D78-F7F5-4305-8471-7AA6F566AB59}
	EndProjectSection
EndProject
Project("{8BC9CEB8-8B4A-11D0-8D11-00A0C91BC942}") = "ZERO_CHECK", "ZERO_CHECK.vcxproj", "{2611112E-B72F-4AE2-9101-F6251704AFE2}"
	ProjectSection(ProjectDependencies) = postProject
	EndProjectSection
EndProject
Project("{8BC9CEB8-8B4A-11D0-8D11-00A0C91BC942}") = "example1", "examples\example1.vcxproj", "{111AA34A-05B4-4122-A083-FCC3DD184ED2}"
	ProjectSection(ProjectDependencies) = postProject
		{2611112E-B72F-4AE2-9101-F6251704AFE2} = {2611112E-B72F-4AE2-9101-F6251704AFE2}
		{53E4B213-2B13-418A-B601-BE1FFAD16B47} = {53E4B213-2B13-418A-B601-BE1FFAD16B47}
	EndProjectSection
EndProject
Project("{8BC9CEB8-8B4A-11D0-8D11-00A0C91BC942}") = "example2", "examples\example2.vcxproj", "{49BC4763-2466-449A-9CCD-366F60FC62DB}"
	ProjectSection(ProjectDependencies) = postProject
		{2611112E-B72F-4AE2-9101-F6251704AFE2} = {2611112E-B72F-4AE2-9101-F6251704AFE2}
		{53E4B213-2B13-418A-B601-BE1FFAD16B47} = {53E4B213-2B13-418A-B601-BE1FFAD16B47}
	EndProjectSection
EndProject
Project("{8BC9CEB8-8B4A-11D0-8D11-00A0C91BC942}") = "example3", "examples\example3.vcxproj", "{DAB31E73-1F08-43FC-B7A7-DF3569E6D6A5}"
	ProjectSection(ProjectDependencies) = postProject
		{2611112E-B72F-4AE2-9101-F6251704AFE2} = {2611112E-B72F-4AE2-9101-F6251704AFE2}
		{53E4B213-2B13-418A-B601-BE1FFAD16B47} = {53E4B213-2B13-418A-B601-BE1FFAD16B47}
	EndProjectSection
EndProject
Project("{8BC9CEB8-8B4A-11D0-8D11-00A0C91BC942}") = "example4", "examples\example4.vcxproj", "{B27C11D2-E086-49B3-A8BF-18136FAAE418}"
	ProjectSection(ProjectDependencies) = postProject
		{2611112E-B72F-4AE2-9101-F6251704AFE2} = {2611112E-B72F-4AE2-9101-F6251704AFE2}
		{53E4B213-2B13-418A-B601-BE1FFAD16B47} = {53E4B213-2B13-418A-B601-BE1FFAD16B47}
	EndProjectSection
EndProject
Project("{8BC9CEB8-8B4A-11D0-8D11-00A0C91BC942}") = "example5", "examples\example5.vcxproj", "{0A50B075-FF02-444C-8CD8-94BD0E3CE732}"
	ProjectSection(ProjectDependencies) = postProject
		{2611112E-B72F-4AE2-9101-F6251704AFE2} = {2611112E-B72F-4AE2-9101-F6251704AFE2}
		{53E4B213-2B13-418A-B601-BE1FFAD16B47} = {53E4B213-2B13-418A-B601-BE1FFAD16B47}
	EndProjectSection
EndProject
Project("{8BC9CEB8-8B4A-11D0-8D11-00A0C91BC942}") = "jrtplib-static", "src\jrtplib-static.vcxproj", "{53E4B213-2B13-418A-B601-BE1FFAD16B47}"
	ProjectSection(ProjectDependencies) = postProject
		{2611112E-B72F-4AE2-9101-F6251704AFE2} = {2611112E-B72F-4AE2-9101-F6251704AFE2}
	EndProjectSection
EndProject
Global
	GlobalSection(SolutionConfigurationPlatforms) = preSolution
		Debug|Win32 = Debug|Win32
		Release|Win32 = Release|Win32
		MinSizeRel|Win32 = MinSizeRel|Win32
		RelWithDebInfo|Win32 = RelWithDebInfo|Win32
	EndGlobalSection
	GlobalSection(ProjectConfigurationPlatforms) = postSolution
		{A7268D78-F7F5-4305-8471-7AA6F566AB59}.Debug|Win32.ActiveCfg = Debug|Win32
		{A7268D78-F7F5-4305-8471-7AA6F566AB59}.Debug|Win32.Build.0 = Debug|Win32
		{A7268D78-F7F5-4305-8471-7AA6F566AB59}.Release|Win32.ActiveCfg = Release|Win32
		{A7268D78-F7F5-4305-8471-7AA6F566AB59}.Release|Win32.Build.0 = Release|Win32
		{A7268D78-F7F5-4305-8471-7AA6F566AB59}.MinSizeRel|Win32.ActiveCfg = MinSizeRel|Win32
		{A7268D78-F7F5-4305-8471-7AA6F566AB59}.MinSizeRel|Win32.Build.0 = MinSizeRel|Win32
		{A7268D78-F7F5-4305-8471-7AA6F566AB59}.RelWithDebInfo|Win32.ActiveCfg = RelWithDebInfo|Win32
		{A7268D78-F7F5-4305-8471-7AA6F566AB59}.RelWithDebInfo|Win32.Build.0 = RelWithDebInfo|Win32
		{EC0C3941-4A78-4EDD-9C3F-7A90FF0F0479}.Debug|Win32.ActiveCfg = Debug|Win32
		{EC0C3941-4A78-4EDD-9C3F-7A90FF0F0479}.Release|Win32.ActiveCfg = Release|Win32
		{EC0C3941-4A78-4EDD-9C3F-7A90FF0F0479}.MinSizeRel|Win32.ActiveCfg = MinSizeRel|Win32
		{EC0C3941-4A78-4EDD-9C3F-7A90FF0F0479}.RelWithDebInfo|Win32.ActiveCfg = RelWithDebInfo|Win32
		{2611112E-B72F-4AE2-9101-F6251704AFE2}.Debug|Win32.ActiveCfg = Debug|Win32
		{2611112E-B72F-4AE2-9101-F6251704AFE2}.Debug|Win32.Build.0 = Debug|Win32
		{2611112E-B72F-4AE2-9101-F6251704AFE2}.Release|Win32.ActiveCfg = Release|Win32
		{2611112E-B72F-4AE2-9101-F6251704AFE2}.Release|Win32.Build.0 = Release|Win32
		{2611112E-B72F-4AE2-9101-F6251704AFE2}.MinSizeRel|Win32.ActiveCfg = MinSizeRel|Win32
		{2611112E-B72F-4AE2-9101-F6251704AFE2}.MinSizeRel|Win32.Build.0 = MinSizeRel|Win32
		{2611112E-B72F-4AE2-9101-F6251704AFE2}.RelWithDebInfo|Win32.ActiveCfg = RelWithDebInfo|Win32
		{2611112E-B72F-4AE2-9101-F6251704AFE2}.RelWithDebInfo|Win32.Build.0 = RelWithDebInfo|Win32
		{111AA34A-05B4-4122-A083-FCC3DD184ED2}.Debug|Win32.ActiveCfg = Debug|Win32
		{111AA34A-05B4-4122-A083-FCC3DD184ED2}.Debug|Win32.Build.0 = Debug|Win32
		{111AA34A-05B4-4122-A083-FCC3DD184ED2}.Release|Win32.ActiveCfg = Release|Win32
		{111AA34A-05B4-4122-A083-FCC3DD184ED2}.Release|Win32.Build.0 = Release|Win32
		{111AA34A-05B4-4122-A083-FCC3DD184ED2}.MinSizeRel|Win32.ActiveCfg = MinSizeRel|Win32
		{111AA34A-05B4-4122-A083-FCC3DD184ED2}.MinSizeRel|Win32.Build.0 = MinSizeRel|Win32
		{111AA34A-05B4-4122-A083-FCC3DD184ED2}.RelWithDebInfo|Win32.ActiveCfg = RelWithDebInfo|Win32
		{111AA34A-05B4-4122-A083-FCC3DD184ED2}.RelWithDebInfo|Win32.Build.0 = RelWithDebInfo|Win32
		{49BC4763-2466-449A-9CCD-366F60FC62DB}.Debug|Win32.ActiveCfg = Debug|Win32
		{49BC4763-2466-449A-9CCD-366F60FC62DB}.Debug|Win32.Build.0 = Debug|Win32
		{49BC4763-2466-449A-9CCD-366F60FC62DB}.Release|Win32.ActiveCfg = Release|Win32
		{49BC4763-2466-449A-9CCD-366F60FC62DB}.Release|Win32.Build.0 = Release|Win32
		{49BC4763-2466-449A-9CCD-366F60FC62DB}.MinSizeRel|Win32.ActiveCfg = MinSizeRel|Win32
		{49BC4763-2466-449A-9CCD-366F60FC62DB}.MinSizeRel|Win32.Build.0 = MinSizeRel|Win32
		{49BC4763-2466-449A-9CCD-366F60FC62DB}.RelWithDebInfo|Win32.ActiveCfg = RelWithDebInfo|Win32
		{49BC4763-2466-449A-9CCD-366F60FC62DB}.RelWithDebInfo|Win32.Build.0 = RelWithDebInfo|Win32
		{DAB31E73-1F08-43FC-B7A7-DF3569E6D6A5}.Debug|Win32.ActiveCfg = Debug|Win32
		{DAB31E73-1F08-43FC-B7A7-DF3569E6D6A5}.Debug|Win32.Build.0 = Debug|Win32
		{DAB31E73-1F08-43FC-B7A7-DF3569E6D6A5}.Release|Win32.ActiveCfg = Release|Win32
		{DAB31E73-1F08-43FC-B7A7-DF3569E6D6A5}.Release|Win32.Build.0 = Release|Win32
		{DAB31E73-1F08-43FC-B7A7-DF3569E6D6A5}.MinSizeRel|Win32.ActiveCfg = MinSizeRel|Win32
		{DAB31E73-1F08-43FC-B7A7-DF3569E6D6A5}.MinSizeRel|Win32.Build.0 = MinSizeRel|Win32
		{DAB31E73-1F08-43FC-B7A7-DF3569E6D6A5}.RelWithDebInfo|Win32.ActiveCfg = RelWithDebInfo|Win32
		{DAB31E73-1F08-43FC-B7A7-DF3569E6D6A5}.RelWithDebInfo|Win32.Build.0 = RelWithDebInfo|Win32
		{B27C11D2-E086-49B3-A8BF-18136FAAE418}.Debug|Win32.ActiveCfg = Debug|Win32
		{B27C11D2-E086-49B3-A8BF-18136FAAE418}.Debug|Win32.Build.0 = Debug|Win32
		{B27C11D2-E086-49B3-A8BF-18136FAAE418}.Release|Win32.ActiveCfg = Release|Win32
		{B27C11D2-E086-49B3-A8BF-18136FAAE418}.Release|Win32.Build.0 = Release|Win32
		{B27C11D2-E086-49B3-A8BF-18136FAAE418}.MinSizeRel|Win32.ActiveCfg = MinSizeRel|Win32
		{B27C11D2-E086-49B3-A8BF-18136FAAE418}.MinSizeRel|Win32.Build.0 = MinSizeRel|Win32
		{B27C11D2-E086-49B3-A8BF-18136FAAE418}.RelWithDebInfo|Win32.ActiveCfg = RelWithDebInfo|Win32
		{B27C11D2-E086-49B3-A8BF-18136FAAE418}.RelWithDebInfo|Win32.Build.0 = RelWithDebInfo|Win32
		{0A50B075-FF02-444C-8CD8-94BD0E3CE732}.Debug|Win32.ActiveCfg = Debug|Win32
		{0A50B075-FF02-444C-8CD8-94BD0E3CE732}.Debug|Win32.Build.0 = Debug|Win32
		{0A50B075-FF02-444C-8CD8-94BD0E3CE732}.Release|Win32.ActiveCfg = Release|Win32
		{0A50B075-FF02-444C-8CD8-94BD0E3CE732}.Release|Win32.Build.0 = Release|Win32
		{0A50B075-FF02-444C-8CD8-94BD0E3CE732}.MinSizeRel|Win32.ActiveCfg = MinSizeRel|Win32
		{0A50B075-FF02-444C-8CD8-94BD0E3CE732}.MinSizeRel|Win32.Build.0 = MinSizeRel|Win32
		{0A50B075-FF02-444C-8CD8-94BD0E3CE732}.RelWithDebInfo|Win32.ActiveCfg = RelWithDebInfo|Win32
		{0A50B075-FF02-444C-8CD8-94BD0E3CE732}.RelWithDebInfo|Win32.Build.0 = RelWithDebInfo|Win32
		{53E4B213-2B13-418A-B601-BE1FFAD16B47}.Debug|Win32.ActiveCfg = Debug|Win32
		{53E4B213-2B13-418A-B601-BE1FFAD16B47}.Debug|Win32.Build.0 = Debug|Win32
		{53E4B213-2B13-418A-B601-BE1FFAD16B47}.Release|Win32.ActiveCfg = Release|Win32
		{53E4B213-2B13-418A-B601-BE1FFAD16B47}.Release|Win32.Build.0 = Release|Win32
		{53E4B213-2B13-418A-B601-BE1FFAD16B47}.MinSizeRel|Win32.ActiveCfg = MinSizeRel|Win32
		{53E4B213-2B13-418A-B601-BE1FFAD16B47}.MinSizeRel|Win32.Build.0 = MinSizeRel|Win32
		{53E4B213-2B13-418A-B601-BE1FFAD16B47}.RelWithDebInfo|Win32.ActiveCfg = RelWithDebInfo|Win32
		{53E4B213-2B13-418A-B601-BE1FFAD16B47}.RelWithDebInfo|Win32.Build.0 = RelWithDebInfo|Win32
	EndGlobalSection
	GlobalSection(ExtensibilityGlobals) = postSolution
	EndGlobalSection
	GlobalSection(ExtensibilityAddIns) = postSolution
	EndGlobalSection
EndGlobal
