<?xml version="1.0" encoding="utf-8"?>
<Project ToolsVersion="4.0" xmlns="http://schemas.microsoft.com/developer/msbuild/2003">
  <ItemGroup>
    <ClCompile Include="rtcpapppacket.cpp">
      <Filter>Source Files</Filter>
    </ClCompile>
    <ClCompile Include="rtcpbyepacket.cpp">
      <Filter>Source Files</Filter>
    </ClCompile>
    <ClCompile Include="rtcpcompoundpacket.cpp">
      <Filter>Source Files</Filter>
    </ClCompile>
    <ClCompile Include="rtcpcompoundpacketbuilder.cpp">
      <Filter>Source Files</Filter>
    </ClCompile>
    <ClCompile Include="rtcppacket.cpp">
      <Filter>Source Files</Filter>
    </ClCompile>
    <ClCompile Include="rtcppacketbuilder.cpp">
      <Filter>Source Files</Filter>
    </ClCompile>
    <ClCompile Include="rtcprrpacket.cpp">
      <Filter>Source Files</Filter>
    </ClCompile>
    <ClCompile Include="rtcpscheduler.cpp">
      <Filter>Source Files</Filter>
    </ClCompile>
    <ClCompile Include="rtcpsdesinfo.cpp">
      <Filter>Source Files</Filter>
    </ClCompile>
    <ClCompile Include="rtcpsdespacket.cpp">
      <Filter>Source Files</Filter>
    </ClCompile>
    <ClCompile Include="rtcpsrpacket.cpp">
      <Filter>Source Files</Filter>
    </ClCompile>
    <ClCompile Include="rtpcollisionlist.cpp">
      <Filter>Source Files</Filter>
    </ClCompile>
    <ClCompile Include="rtpdebug.cpp">
      <Filter>Source Files</Filter>
    </ClCompile>
    <ClCompile Include="rtperrors.cpp">
      <Filter>Source Files</Filter>
    </ClCompile>
    <ClCompile Include="rtpinternalsourcedata.cpp">
      <Filter>Source Files</Filter>
    </ClCompile>
    <ClCompile Include="rtpipv4address.cpp">
      <Filter>Source Files</Filter>
    </ClCompile>
    <ClCompile Include="rtpipv6address.cpp">
      <Filter>Source Files</Filter>
    </ClCompile>
    <ClCompile Include="rtplibraryversion.cpp">
      <Filter>Source Files</Filter>
    </ClCompile>
    <ClCompile Include="rtppacket.cpp">
      <Filter>Source Files</Filter>
    </ClCompile>
    <ClCompile Include="rtppacketbuilder.cpp">
      <Filter>Source Files</Filter>
    </ClCompile>
    <ClCompile Include="rtppollthread.cpp">
      <Filter>Source Files</Filter>
    </ClCompile>
    <ClCompile Include="rtprandom.cpp">
      <Filter>Source Files</Filter>
    </ClCompile>
    <ClCompile Include="rtprandomrand48.cpp">
      <Filter>Source Files</Filter>
    </ClCompile>
    <ClCompile Include="rtprandomrands.cpp">
      <Filter>Source Files</Filter>
    </ClCompile>
    <ClCompile Include="rtprandomurandom.cpp">
      <Filter>Source Files</Filter>
    </ClCompile>
    <ClCompile Include="rtpsession.cpp">
      <Filter>Source Files</Filter>
    </ClCompile>
    <ClCompile Include="rtpsessionparams.cpp">
      <Filter>Source Files</Filter>
    </ClCompile>
    <ClCompile Include="rtpsessionsources.cpp">
      <Filter>Source Files</Filter>
    </ClCompile>
    <ClCompile Include="rtpsourcedata.cpp">
      <Filter>Source Files</Filter>
    </ClCompile>
    <ClCompile Include="rtpsources.cpp">
      <Filter>Source Files</Filter>
    </ClCompile>
    <ClCompile Include="rtptimeutilities.cpp">
      <Filter>Source Files</Filter>
    </ClCompile>
    <ClCompile Include="rtpudpv4transmitter.cpp">
      <Filter>Source Files</Filter>
    </ClCompile>
    <ClCompile Include="rtpudpv6transmitter.cpp">
      <Filter>Source Files</Filter>
    </ClCompile>
    <ClCompile Include="rtpbyteaddress.cpp">
      <Filter>Source Files</Filter>
    </ClCompile>
    <ClCompile Include="rtpexternaltransmitter.cpp">
      <Filter>Source Files</Filter>
    </ClCompile>
  </ItemGroup>
  <ItemGroup>
    <ClInclude Include="rtcpapppacket.h">
      <Filter>Header Files</Filter>
    </ClInclude>
    <ClInclude Include="rtcpbyepacket.h">
      <Filter>Header Files</Filter>
    </ClInclude>
    <ClInclude Include="rtcpcompoundpacket.h">
      <Filter>Header Files</Filter>
    </ClInclude>
    <ClInclude Include="rtcpcompoundpacketbuilder.h">
      <Filter>Header Files</Filter>
    </ClInclude>
    <ClInclude Include="rtcppacket.h">
      <Filter>Header Files</Filter>
    </ClInclude>
    <ClInclude Include="rtcppacketbuilder.h">
      <Filter>Header Files</Filter>
    </ClInclude>
    <ClInclude Include="rtcprrpacket.h">
      <Filter>Header Files</Filter>
    </ClInclude>
    <ClInclude Include="rtcpscheduler.h">
      <Filter>Header Files</Filter>
    </ClInclude>
    <ClInclude Include="rtcpsdesinfo.h">
      <Filter>Header Files</Filter>
    </ClInclude>
    <ClInclude Include="rtcpsdespacket.h">
      <Filter>Header Files</Filter>
    </ClInclude>
    <ClInclude Include="rtcpsrpacket.h">
      <Filter>Header Files</Filter>
    </ClInclude>
    <ClInclude Include="rtcpunknownpacket.h">
      <Filter>Header Files</Filter>
    </ClInclude>
    <ClInclude Include="rtpaddress.h">
      <Filter>Header Files</Filter>
    </ClInclude>
    <ClInclude Include="rtpcollisionlist.h">
      <Filter>Header Files</Filter>
    </ClInclude>
    <ClInclude Include="rtpconfig.h">
      <Filter>Header Files</Filter>
    </ClInclude>
    <ClInclude Include="rtpdebug.h">
      <Filter>Header Files</Filter>
    </ClInclude>
    <ClInclude Include="rtpdefines.h">
      <Filter>Header Files</Filter>
    </ClInclude>
    <ClInclude Include="rtperrors.h">
      <Filter>Header Files</Filter>
    </ClInclude>
    <ClInclude Include="rtphashtable.h">
      <Filter>Header Files</Filter>
    </ClInclude>
    <ClInclude Include="rtpinternalsourcedata.h">
      <Filter>Header Files</Filter>
    </ClInclude>
    <ClInclude Include="rtpipv4address.h">
      <Filter>Header Files</Filter>
    </ClInclude>
    <ClInclude Include="rtpipv4destination.h">
      <Filter>Header Files</Filter>
    </ClInclude>
    <ClInclude Include="rtpipv6address.h">
      <Filter>Header Files</Filter>
    </ClInclude>
    <ClInclude Include="rtpipv6destination.h">
      <Filter>Header Files</Filter>
    </ClInclude>
    <ClInclude Include="rtpkeyhashtable.h">
      <Filter>Header Files</Filter>
    </ClInclude>
    <ClInclude Include="rtplibraryversion.h">
      <Filter>Header Files</Filter>
    </ClInclude>
    <ClInclude Include="rtpmemorymanager.h">
      <Filter>Header Files</Filter>
    </ClInclude>
    <ClInclude Include="rtpmemoryobject.h">
      <Filter>Header Files</Filter>
    </ClInclude>
    <ClInclude Include="rtppacket.h">
      <Filter>Header Files</Filter>
    </ClInclude>
    <ClInclude Include="rtppacketbuilder.h">
      <Filter>Header Files</Filter>
    </ClInclude>
    <ClInclude Include="rtppollthread.h">
      <Filter>Header Files</Filter>
    </ClInclude>
    <ClInclude Include="rtprandom.h">
      <Filter>Header Files</Filter>
    </ClInclude>
    <ClInclude Include="rtprandomrand48.h">
      <Filter>Header Files</Filter>
    </ClInclude>
    <ClInclude Include="rtprandomrands.h">
      <Filter>Header Files</Filter>
    </ClInclude>
    <ClInclude Include="rtprandomurandom.h">
      <Filter>Header Files</Filter>
    </ClInclude>
    <ClInclude Include="rtprawpacket.h">
      <Filter>Header Files</Filter>
    </ClInclude>
    <ClInclude Include="rtpsession.h">
      <Filter>Header Files</Filter>
    </ClInclude>
    <ClInclude Include="rtpsessionparams.h">
      <Filter>Header Files</Filter>
    </ClInclude>
    <ClInclude Include="rtpsessionsources.h">
      <Filter>Header Files</Filter>
    </ClInclude>
    <ClInclude Include="rtpsourcedata.h">
      <Filter>Header Files</Filter>
    </ClInclude>
    <ClInclude Include="rtpsources.h">
      <Filter>Header Files</Filter>
    </ClInclude>
    <ClInclude Include="rtpstructs.h">
      <Filter>Header Files</Filter>
    </ClInclude>
    <ClInclude Include="rtptimeutilities.h">
      <Filter>Header Files</Filter>
    </ClInclude>
    <ClInclude Include="rtptransmitter.h">
      <Filter>Header Files</Filter>
    </ClInclude>
    <ClInclude Include="rtptypes_win.h">
      <Filter>Header Files</Filter>
    </ClInclude>
    <ClInclude Include="rtptypes.h">
      <Filter>Header Files</Filter>
    </ClInclude>
    <ClInclude Include="rtpudpv4transmitter.h">
      <Filter>Header Files</Filter>
    </ClInclude>
    <ClInclude Include="rtpudpv6transmitter.h">
      <Filter>Header Files</Filter>
    </ClInclude>
    <ClInclude Include="rtpbyteaddress.h">
      <Filter>Header Files</Filter>
    </ClInclude>
    <ClInclude Include="rtpexternaltransmitter.h">
      <Filter>Header Files</Filter>
    </ClInclude>
  </ItemGroup>
  <ItemGroup>
    <CustomBuild Include="CMakeLists.txt" />
  </ItemGroup>
  <ItemGroup>
    <Filter Include="Source Files">
      <UniqueIdentifier>{1E85BE18-7DC0-4167-8050-FD67D97EEF6F}</UniqueIdentifier>
    </Filter>
    <Filter Include="Header Files">
      <UniqueIdentifier>{D48269CB-18CB-4A44-8BD9-47A62DCF3DD0}</UniqueIdentifier>
    </Filter>
  </ItemGroup>
</Project>
